
Microsoft Visual Studio Solution File, Format Version 12.00
# Visual Studio Version 16
VisualStudioVersion = 16.0.30907.101
MinimumVisualStudioVersion = 10.0.40219.1
Project("{FAE04EC0-301F-11D3-BF4B-00C04F79EFBC}") = "StrategyPattern", "StrategyPattern\StrategyPattern.csproj", "{2733F88E-9E22-4957-8AE9-C61D89CAB0D5}"
EndProject
Project("{FAE04EC0-301F-11D3-BF4B-00C04F79EFBC}") = "ObserverPattern", "ObserverPattern\ObserverPattern.csproj", "{B3FB92FF-0504-42BB-BF70-663CE7E0EBEA}"
EndProject
Project("{FAE04EC0-301F-11D3-BF4B-00C04F79EFBC}") = "AdapterPattern", "AdapterPattern\AdapterPattern.csproj", "{8F183B04-EFBB-49FC-AFD9-DEC89B9046A9}"
EndProject
Global
	GlobalSection(SolutionConfigurationPlatforms) = preSolution
		Debug|Any CPU = Debug|Any CPU
		Release|Any CPU = Release|Any CPU
	EndGlobalSection
	GlobalSection(ProjectConfigurationPlatforms) = postSolution
		{2733F88E-9E22-4957-8AE9-C61D89CAB0D5}.Debug|Any CPU.ActiveCfg = Debug|Any CPU
		{2733F88E-9E22-4957-8AE9-C61D89CAB0D5}.Debug|Any CPU.Build.0 = Debug|Any CPU
		{2733F88E-9E22-4957-8AE9-C61D89CAB0D5}.Release|Any CPU.ActiveCfg = Release|Any CPU
		{2733F88E-9E22-4957-8AE9-C61D89CAB0D5}.Release|Any CPU.Build.0 = Release|Any CPU
		{B3FB92FF-0504-42BB-BF70-663CE7E0EBEA}.Debug|Any CPU.ActiveCfg = Debug|Any CPU
		{B3FB92FF-0504-42BB-BF70-663CE7E0EBEA}.Debug|Any CPU.Build.0 = Debug|Any CPU
		{B3FB92FF-0504-42BB-BF70-663CE7E0EBEA}.Release|Any CPU.ActiveCfg = Release|Any CPU
		{B3FB92FF-0504-42BB-BF70-663CE7E0EBEA}.Release|Any CPU.Build.0 = Release|Any CPU
		{8F183B04-EFBB-49FC-AFD9-DEC89B9046A9}.Debug|Any CPU.ActiveCfg = Debug|Any CPU
		{8F183B04-EFBB-49FC-AFD9-DEC89B9046A9}.Debug|Any CPU.Build.0 = Debug|Any CPU
		{8F183B04-EFBB-49FC-AFD9-DEC89B9046A9}.Release|Any CPU.ActiveCfg = Release|Any CPU
		{8F183B04-EFBB-49FC-AFD9-DEC89B9046A9}.Release|Any CPU.Build.0 = Release|Any CPU
	EndGlobalSection
	GlobalSection(SolutionProperties) = preSolution
		HideSolutionNode = FALSE
	EndGlobalSection
	GlobalSection(ExtensibilityGlobals) = postSolution
		SolutionGuid = {D0E2D571-E0F5-41B5-924D-83E108F6FC8F}
	EndGlobalSection
EndGlobal
